
Microsoft Visual Studio Solution File, Format Version 12.00
# Visual Studio Version 17
VisualStudioVersion = 17.9.34616.47
MinimumVisualStudioVersion = 10.0.40219.1
Project("{FAE04EC0-301F-11D3-BF4B-00C04F79EFBC}") = "proiect-ip", "proiect-ip.csproj", "{9FCB143E-5239-48DA-AB0E-D4F8EE40F585}"
EndProject
Project("{FAE04EC0-301F-11D3-BF4B-00C04F79EFBC}") = "UnitTestSHA256", "Tests\UnitTestSHA256\UnitTestSHA256.csproj", "{8AA57F80-B3A0-4FFD-9E68-D343ADFFA210}"
EndProject
Project("{FAE04EC0-301F-11D3-BF4B-00C04F79EFBC}") = "UnitTestUserController", "Tests\UnitTestUserController\UnitTestUserController.csproj", "{76B5ACDD-10EE-4393-91E5-274AEA390026}"
EndProject
Project("{FAE04EC0-301F-11D3-BF4B-00C04F79EFBC}") = "UnitTestQuizController", "Tests\UnitTestQuizController\UnitTestQuizController.csproj", "{F97B0B5E-74F9-4AD9-AB3F-3CD9A925BD64}"
EndProject
Global
	GlobalSection(SolutionConfigurationPlatforms) = preSolution
		Debug|Any CPU = Debug|Any CPU
		Release|Any CPU = Release|Any CPU
	EndGlobalSection
	GlobalSection(ProjectConfigurationPlatforms) = postSolution
		{9FCB143E-5239-48DA-AB0E-D4F8EE40F585}.Debug|Any CPU.ActiveCfg = Debug|Any CPU
		{9FCB143E-5239-48DA-AB0E-D4F8EE40F585}.Debug|Any CPU.Build.0 = Debug|Any CPU
		{9FCB143E-5239-48DA-AB0E-D4F8EE40F585}.Release|Any CPU.ActiveCfg = Release|Any CPU
		{9FCB143E-5239-48DA-AB0E-D4F8EE40F585}.Release|Any CPU.Build.0 = Release|Any CPU
		{8AA57F80-B3A0-4FFD-9E68-D343ADFFA210}.Debug|Any CPU.ActiveCfg = Debug|Any CPU
		{8AA57F80-B3A0-4FFD-9E68-D343ADFFA210}.Debug|Any CPU.Build.0 = Debug|Any CPU
		{8AA57F80-B3A0-4FFD-9E68-D343ADFFA210}.Release|Any CPU.ActiveCfg = Release|Any CPU
		{8AA57F80-B3A0-4FFD-9E68-D343ADFFA210}.Release|Any CPU.Build.0 = Release|Any CPU
		{76B5ACDD-10EE-4393-91E5-274AEA390026}.Debug|Any CPU.ActiveCfg = Debug|Any CPU
		{76B5ACDD-10EE-4393-91E5-274AEA390026}.Debug|Any CPU.Build.0 = Debug|Any CPU
		{76B5ACDD-10EE-4393-91E5-274AEA390026}.Release|Any CPU.ActiveCfg = Release|Any CPU
		{76B5ACDD-10EE-4393-91E5-274AEA390026}.Release|Any CPU.Build.0 = Release|Any CPU
		{F97B0B5E-74F9-4AD9-AB3F-3CD9A925BD64}.Debug|Any CPU.ActiveCfg = Debug|Any CPU
		{F97B0B5E-74F9-4AD9-AB3F-3CD9A925BD64}.Debug|Any CPU.Build.0 = Debug|Any CPU
		{F97B0B5E-74F9-4AD9-AB3F-3CD9A925BD64}.Release|Any CPU.ActiveCfg = Release|Any CPU
		{F97B0B5E-74F9-4AD9-AB3F-3CD9A925BD64}.Release|Any CPU.Build.0 = Release|Any CPU
	EndGlobalSection
	GlobalSection(SolutionProperties) = preSolution
		HideSolutionNode = FALSE
	EndGlobalSection
	GlobalSection(ExtensibilityGlobals) = postSolution
		SolutionGuid = {42D5A954-08B7-4FF2-896A-9F65E4D5BF56}
	EndGlobalSection
EndGlobal
